// !$*UTF8*$!
{
	archiveVersion = 1;
	classes = {
	};
	objectVersion = 56;
	objects = {

/* Begin PBXBuildFile section */
		AAF369932C513C220038FB06 /* AppDelegate.swift in Sources */ = {isa = PBXBuildFile; fileRef = AAF369922C513C220038FB06 /* AppDelegate.swift */; };
		AAF369952C513C220038FB06 /* SceneDelegate.swift in Sources */ = {isa = PBXBuildFile; fileRef = AAF369942C513C220038FB06 /* SceneDelegate.swift */; };
		AAF369972C513C220038FB06 /* ViewController.swift in Sources */ = {isa = PBXBuildFile; fileRef = AAF369962C513C220038FB06 /* ViewController.swift */; };
		AAF3699A2C513C220038FB06 /* Base in Resources */ = {isa = PBXBuildFile; fileRef = AAF369992C513C220038FB06 /* Base */; };
		AAF3699D2C513C220038FB06 /* ItunseCoreData.xcdatamodeld in Sources */ = {isa = PBXBuildFile; fileRef = AAF3699B2C513C220038FB06 /* ItunseCoreData.xcdatamodeld */; };
		AAF3699F2C513C240038FB06 /* Assets.xcassets in Resources */ = {isa = PBXBuildFile; fileRef = AAF3699E2C513C240038FB06 /* Assets.xcassets */; };
		AAF369A22C513C240038FB06 /* Base in Resources */ = {isa = PBXBuildFile; fileRef = AAF369A12C513C240038FB06 /* Base */; };
		AAF369AB2C5170110038FB06 /* SnapKit in Frameworks */ = {isa = PBXBuildFile; productRef = AAF369AA2C5170110038FB06 /* SnapKit */; };
		AAF369AD2C5170110038FB06 /* SnapKit-Dynamic in Frameworks */ = {isa = PBXBuildFile; productRef = AAF369AC2C5170110038FB06 /* SnapKit-Dynamic */; };
		AAF369AF2C51701C0038FB06 /* CollectionViewCell.swift in Sources */ = {isa = PBXBuildFile; fileRef = AAF369AE2C51701C0038FB06 /* CollectionViewCell.swift */; };
		AAF369B12C51707B0038FB06 /* NetworkManager.swift in Sources */ = {isa = PBXBuildFile; fileRef = AAF369B02C51707B0038FB06 /* NetworkManager.swift */; };
		AAF369B32C5170940038FB06 /* TabBarController.swift in Sources */ = {isa = PBXBuildFile; fileRef = AAF369B22C5170940038FB06 /* TabBarController.swift */; };
		AAF369B52C5171060038FB06 /* AlbumDetailsViewController.swift in Sources */ = {isa = PBXBuildFile; fileRef = AAF369B42C5171060038FB06 /* AlbumDetailsViewController.swift */; };
		AAF369B72C51711A0038FB06 /* SearchHistoryViewController.swift in Sources */ = {isa = PBXBuildFile; fileRef = AAF369B62C51711A0038FB06 /* SearchHistoryViewController.swift */; };
		AAF369BA2C51A27F0038FB06 /* AlbumEntity.swift in Sources */ = {isa = PBXBuildFile; fileRef = AAF369B92C51A27F0038FB06 /* AlbumEntity.swift */; };
		AAF369BC2C57F2350038FB06 /* DataManager.swift in Sources */ = {isa = PBXBuildFile; fileRef = AAF369BB2C57F2350038FB06 /* DataManager.swift */; };
		AAF369BE2C57F2870038FB06 /* CoreDataManager.swift in Sources */ = {isa = PBXBuildFile; fileRef = AAF369BD2C57F2870038FB06 /* CoreDataManager.swift */; };
/* End PBXBuildFile section */

/* Begin PBXFileReference section */
		AAF3698F2C513C220038FB06 /* ItunseCoreData.app */ = {isa = PBXFileReference; explicitFileType = wrapper.application; includeInIndex = 0; path = ItunseCoreData.app; sourceTree = BUILT_PRODUCTS_DIR; };
		AAF369922C513C220038FB06 /* AppDelegate.swift */ = {isa = PBXFileReference; lastKnownFileType = sourcecode.swift; path = AppDelegate.swift; sourceTree = "<group>"; };
		AAF369942C513C220038FB06 /* SceneDelegate.swift */ = {isa = PBXFileReference; lastKnownFileType = sourcecode.swift; path = SceneDelegate.swift; sourceTree = "<group>"; };
		AAF369962C513C220038FB06 /* ViewController.swift */ = {isa = PBXFileReference; lastKnownFileType = sourcecode.swift; path = ViewController.swift; sourceTree = "<group>"; };
		AAF369992C513C220038FB06 /* Base */ = {isa = PBXFileReference; lastKnownFileType = file.storyboard; name = Base; path = Base.lproj/Main.storyboard; sourceTree = "<group>"; };
		AAF3699C2C513C220038FB06 /* ItunseCoreData.xcdatamodel */ = {isa = PBXFileReference; lastKnownFileType = wrapper.xcdatamodel; path = ItunseCoreData.xcdatamodel; sourceTree = "<group>"; };
		AAF3699E2C513C240038FB06 /* Assets.xcassets */ = {isa = PBXFileReference; lastKnownFileType = folder.assetcatalog; path = Assets.xcassets; sourceTree = "<group>"; };
		AAF369A12C513C240038FB06 /* Base */ = {isa = PBXFileReference; lastKnownFileType = file.storyboard; name = Base; path = Base.lproj/LaunchScreen.storyboard; sourceTree = "<group>"; };
		AAF369A32C513C240038FB06 /* Info.plist */ = {isa = PBXFileReference; lastKnownFileType = text.plist.xml; path = Info.plist; sourceTree = "<group>"; };
		AAF369AE2C51701C0038FB06 /* CollectionViewCell.swift */ = {isa = PBXFileReference; lastKnownFileType = sourcecode.swift; path = CollectionViewCell.swift; sourceTree = "<group>"; };
		AAF369B02C51707B0038FB06 /* NetworkManager.swift */ = {isa = PBXFileReference; lastKnownFileType = sourcecode.swift; path = NetworkManager.swift; sourceTree = "<group>"; };
		AAF369B22C5170940038FB06 /* TabBarController.swift */ = {isa = PBXFileReference; lastKnownFileType = sourcecode.swift; path = TabBarController.swift; sourceTree = "<group>"; };
		AAF369B42C5171060038FB06 /* AlbumDetailsViewController.swift */ = {isa = PBXFileReference; lastKnownFileType = sourcecode.swift; path = AlbumDetailsViewController.swift; sourceTree = "<group>"; };
		AAF369B62C51711A0038FB06 /* SearchHistoryViewController.swift */ = {isa = PBXFileReference; lastKnownFileType = sourcecode.swift; path = SearchHistoryViewController.swift; sourceTree = "<group>"; };
		AAF369B92C51A27F0038FB06 /* AlbumEntity.swift */ = {isa = PBXFileReference; lastKnownFileType = sourcecode.swift; path = AlbumEntity.swift; sourceTree = "<group>"; };
		AAF369BB2C57F2350038FB06 /* DataManager.swift */ = {isa = PBXFileReference; lastKnownFileType = sourcecode.swift; path = DataManager.swift; sourceTree = "<group>"; };
		AAF369BD2C57F2870038FB06 /* CoreDataManager.swift */ = {isa = PBXFileReference; lastKnownFileType = sourcecode.swift; path = CoreDataManager.swift; sourceTree = "<group>"; };
/* End PBXFileReference section */

/* Begin PBXFrameworksBuildPhase section */
		AAF3698C2C513C220038FB06 /* Frameworks */ = {
			isa = PBXFrameworksBuildPhase;
			buildActionMask = 2147483647;
			files = (
				AAF369AB2C5170110038FB06 /* SnapKit in Frameworks */,
				AAF369AD2C5170110038FB06 /* SnapKit-Dynamic in Frameworks */,
			);
			runOnlyForDeploymentPostprocessing = 0;
		};
/* End PBXFrameworksBuildPhase section */

/* Begin PBXGroup section */
		AAF369862C513C220038FB06 = {
			isa = PBXGroup;
			children = (
				AAF369912C513C220038FB06 /* ItunseCoreData */,
				AAF369902C513C220038FB06 /* Products */,
			);
			sourceTree = "<group>";
		};
		AAF369902C513C220038FB06 /* Products */ = {
			isa = PBXGroup;
			children = (
				AAF3698F2C513C220038FB06 /* ItunseCoreData.app */,
			);
			name = Products;
			sourceTree = "<group>";
		};
		AAF369912C513C220038FB06 /* ItunseCoreData */ = {
			isa = PBXGroup;
			children = (
				AAF369922C513C220038FB06 /* AppDelegate.swift */,
				AAF369942C513C220038FB06 /* SceneDelegate.swift */,
				AAF369962C513C220038FB06 /* ViewController.swift */,
				AAF369AE2C51701C0038FB06 /* CollectionViewCell.swift */,
				AAF369B22C5170940038FB06 /* TabBarController.swift */,
				AAF369B42C5171060038FB06 /* AlbumDetailsViewController.swift */,
				AAF369B62C51711A0038FB06 /* SearchHistoryViewController.swift */,
				AAF369B82C51A2660038FB06 /* New Group */,
				AAF369982C513C220038FB06 /* Main.storyboard */,
				AAF3699E2C513C240038FB06 /* Assets.xcassets */,
				AAF369A02C513C240038FB06 /* LaunchScreen.storyboard */,
				AAF369A32C513C240038FB06 /* Info.plist */,
				AAF3699B2C513C220038FB06 /* ItunseCoreData.xcdatamodeld */,
			);
			path = ItunseCoreData;
			sourceTree = "<group>";
		};
		AAF369B82C51A2660038FB06 /* New Group */ = {
			isa = PBXGroup;
			children = (
				AAF369B92C51A27F0038FB06 /* AlbumEntity.swift */,
				AAF369B02C51707B0038FB06 /* NetworkManager.swift */,
				AAF369BB2C57F2350038FB06 /* DataManager.swift */,
				AAF369BD2C57F2870038FB06 /* CoreDataManager.swift */,
			);
			path = "New Group";
			sourceTree = "<group>";
		};
/* End PBXGroup section */

/* Begin PBXNativeTarget section */
		AAF3698E2C513C220038FB06 /* ItunseCoreData */ = {
			isa = PBXNativeTarget;
			buildConfigurationList = AAF369A62C513C240038FB06 /* Build configuration list for PBXNativeTarget "ItunseCoreData" */;
			buildPhases = (
				AAF3698B2C513C220038FB06 /* Sources */,
				AAF3698C2C513C220038FB06 /* Frameworks */,
				AAF3698D2C513C220038FB06 /* Resources */,
			);
			buildRules = (
			);
			dependencies = (
			);
			name = ItunseCoreData;
			packageProductDependencies = (
				AAF369AA2C5170110038FB06 /* SnapKit */,
				AAF369AC2C5170110038FB06 /* SnapKit-Dynamic */,
			);
			productName = ItunseCoreData;
			productReference = AAF3698F2C513C220038FB06 /* ItunseCoreData.app */;
			productType = "com.apple.product-type.application";
		};
/* End PBXNativeTarget section */

/* Begin PBXProject section */
		AAF369872C513C220038FB06 /* Project object */ = {
			isa = PBXProject;
			attributes = {
				BuildIndependentTargetsInParallel = 1;
				LastSwiftUpdateCheck = 1530;
				LastUpgradeCheck = 1530;
				TargetAttributes = {
					AAF3698E2C513C220038FB06 = {
						CreatedOnToolsVersion = 15.3;
					};
				};
			};
			buildConfigurationList = AAF3698A2C513C220038FB06 /* Build configuration list for PBXProject "ItunseCoreData" */;
			compatibilityVersion = "Xcode 14.0";
			developmentRegion = en;
			hasScannedForEncodings = 0;
			knownRegions = (
				en,
				Base,
			);
			mainGroup = AAF369862C513C220038FB06;
			packageReferences = (
				AAF369A92C5170110038FB06 /* XCRemoteSwiftPackageReference "SnapKit" */,
			);
			productRefGroup = AAF369902C513C220038FB06 /* Products */;
			projectDirPath = "";
			projectRoot = "";
			targets = (
				AAF3698E2C513C220038FB06 /* ItunseCoreData */,
			);
		};
/* End PBXProject section */

/* Begin PBXResourcesBuildPhase section */
		AAF3698D2C513C220038FB06 /* Resources */ = {
			isa = PBXResourcesBuildPhase;
			buildActionMask = 2147483647;
			files = (
				AAF3699F2C513C240038FB06 /* Assets.xcassets in Resources */,
				AAF369A22C513C240038FB06 /* Base in Resources */,
				AAF3699A2C513C220038FB06 /* Base in Resources */,
			);
			runOnlyForDeploymentPostprocessing = 0;
		};
/* End PBXResourcesBuildPhase section */

/* Begin PBXSourcesBuildPhase section */
		AAF3698B2C513C220038FB06 /* Sources */ = {
			isa = PBXSourcesBuildPhase;
			buildActionMask = 2147483647;
			files = (
				AAF369B12C51707B0038FB06 /* NetworkManager.swift in Sources */,
				AAF369AF2C51701C0038FB06 /* CollectionViewCell.swift in Sources */,
				AAF369B52C5171060038FB06 /* AlbumDetailsViewController.swift in Sources */,
				AAF369972C513C220038FB06 /* ViewController.swift in Sources */,
				AAF369932C513C220038FB06 /* AppDelegate.swift in Sources */,
				AAF369B32C5170940038FB06 /* TabBarController.swift in Sources */,
				AAF369BE2C57F2870038FB06 /* CoreDataManager.swift in Sources */,
				AAF3699D2C513C220038FB06 /* ItunseCoreData.xcdatamodeld in Sources */,
				AAF369B72C51711A0038FB06 /* SearchHistoryViewController.swift in Sources */,
				AAF369BC2C57F2350038FB06 /* DataManager.swift in Sources */,
				AAF369BA2C51A27F0038FB06 /* AlbumEntity.swift in Sources */,
				AAF369952C513C220038FB06 /* SceneDelegate.swift in Sources */,
			);
			runOnlyForDeploymentPostprocessing = 0;
		};
/* End PBXSourcesBuildPhase section */

/* Begin PBXVariantGroup section */
		AAF369982C513C220038FB06 /* Main.storyboard */ = {
			isa = PBXVariantGroup;
			children = (
				AAF369992C513C220038FB06 /* Base */,
			);
			name = Main.storyboard;
			sourceTree = "<group>";
		};
		AAF369A02C513C240038FB06 /* LaunchScreen.storyboard */ = {
			isa = PBXVariantGroup;
			children = (
				AAF369A12C513C240038FB06 /* Base */,
			);
			name = LaunchScreen.storyboard;
			sourceTree = "<group>";
		};
/* End PBXVariantGroup section */

/* Begin XCBuildConfiguration section */
		AAF369A42C513C240038FB06 /* Debug */ = {
			isa = XCBuildConfiguration;
			buildSettings = {
				ALWAYS_SEARCH_USER_PATHS = NO;
				ASSETCATALOG_COMPILER_GENERATE_SWIFT_ASSET_SYMBOL_EXTENSIONS = YES;
				CLANG_ANALYZER_NONNULL = YES;
				CLANG_ANALYZER_NUMBER_OBJECT_CONVERSION = YES_AGGRESSIVE;
				CLANG_CXX_LANGUAGE_STANDARD = "gnu++20";
				CLANG_ENABLE_MODULES = YES;
				CLANG_ENABLE_OBJC_ARC = YES;
				CLANG_ENABLE_OBJC_WEAK = YES;
				CLANG_WARN_BLOCK_CAPTURE_AUTORELEASING = YES;
				CLANG_WARN_BOOL_CONVERSION = YES;
				CLANG_WARN_COMMA = YES;
				CLANG_WARN_CONSTANT_CONVERSION = YES;
				CLANG_WARN_DEPRECATED_OBJC_IMPLEMENTATIONS = YES;
				CLANG_WARN_DIRECT_OBJC_ISA_USAGE = YES_ERROR;
				CLANG_WARN_DOCUMENTATION_COMMENTS = YES;
				CLANG_WARN_EMPTY_BODY = YES;
				CLANG_WARN_ENUM_CONVERSION = YES;
				CLANG_WARN_INFINITE_RECURSION = YES;
				CLANG_WARN_INT_CONVERSION = YES;
				CLANG_WARN_NON_LITERAL_NULL_CONVERSION = YES;
				CLANG_WARN_OBJC_IMPLICIT_RETAIN_SELF = YES;
				CLANG_WARN_OBJC_LITERAL_CONVERSION = YES;
				CLANG_WARN_OBJC_ROOT_CLASS = YES_ERROR;
				CLANG_WARN_QUOTED_INCLUDE_IN_FRAMEWORK_HEADER = YES;
				CLANG_WARN_RANGE_LOOP_ANALYSIS = YES;
				CLANG_WARN_STRICT_PROTOTYPES = YES;
				CLANG_WARN_SUSPICIOUS_MOVE = YES;
				CLANG_WARN_UNGUARDED_AVAILABILITY = YES_AGGRESSIVE;
				CLANG_WARN_UNREACHABLE_CODE = YES;
				CLANG_WARN__DUPLICATE_METHOD_MATCH = YES;
				COPY_PHASE_STRIP = NO;
				DEBUG_INFORMATION_FORMAT = dwarf;
				ENABLE_STRICT_OBJC_MSGSEND = YES;
				ENABLE_TESTABILITY = YES;
				ENABLE_USER_SCRIPT_SANDBOXING = YES;
				GCC_C_LANGUAGE_STANDARD = gnu17;
				GCC_DYNAMIC_NO_PIC = NO;
				GCC_NO_COMMON_BLOCKS = YES;
				GCC_OPTIMIZATION_LEVEL = 0;
				GCC_PREPROCESSOR_DEFINITIONS = (
					"DEBUG=1",
					"$(inherited)",
				);
				GCC_WARN_64_TO_32_BIT_CONVERSION = YES;
				GCC_WARN_ABOUT_RETURN_TYPE = YES_ERROR;
				GCC_WARN_UNDECLARED_SELECTOR = YES;
				GCC_WARN_UNINITIALIZED_AUTOS = YES_AGGRESSIVE;
				GCC_WARN_UNUSED_FUNCTION = YES;
				GCC_WARN_UNUSED_VARIABLE = YES;
				IPHONEOS_DEPLOYMENT_TARGET = 17.4;
				LOCALIZATION_PREFERS_STRING_CATALOGS = YES;
				MTL_ENABLE_DEBUG_INFO = INCLUDE_SOURCE;
				MTL_FAST_MATH = YES;
				ONLY_ACTIVE_ARCH = YES;
				SDKROOT = iphoneos;
				SWIFT_ACTIVE_COMPILATION_CONDITIONS = "DEBUG $(inherited)";
				SWIFT_OPTIMIZATION_LEVEL = "-Onone";
			};
			name = Debug;
		};
		AAF369A52C513C240038FB06 /* Release */ = {
			isa = XCBuildConfiguration;
			buildSettings = {
				ALWAYS_SEARCH_USER_PATHS = NO;
				ASSETCATALOG_COMPILER_GENERATE_SWIFT_ASSET_SYMBOL_EXTENSIONS = YES;
				CLANG_ANALYZER_NONNULL = YES;
				CLANG_ANALYZER_NUMBER_OBJECT_CONVERSION = YES_AGGRESSIVE;
				CLANG_CXX_LANGUAGE_STANDARD = "gnu++20";
				CLANG_ENABLE_MODULES = YES;
				CLANG_ENABLE_OBJC_ARC = YES;
				CLANG_ENABLE_OBJC_WEAK = YES;
				CLANG_WARN_BLOCK_CAPTURE_AUTORELEASING = YES;
				CLANG_WARN_BOOL_CONVERSION = YES;
				CLANG_WARN_COMMA = YES;
				CLANG_WARN_CONSTANT_CONVERSION = YES;
				CLANG_WARN_DEPRECATED_OBJC_IMPLEMENTATIONS = YES;
				CLANG_WARN_DIRECT_OBJC_ISA_USAGE = YES_ERROR;
				CLANG_WARN_DOCUMENTATION_COMMENTS = YES;
				CLANG_WARN_EMPTY_BODY = YES;
				CLANG_WARN_ENUM_CONVERSION = YES;
				CLANG_WARN_INFINITE_RECURSION = YES;
				CLANG_WARN_INT_CONVERSION = YES;
				CLANG_WARN_NON_LITERAL_NULL_CONVERSION = YES;
				CLANG_WARN_OBJC_IMPLICIT_RETAIN_SELF = YES;
				CLANG_WARN_OBJC_LITERAL_CONVERSION = YES;
				CLANG_WARN_OBJC_ROOT_CLASS = YES_ERROR;
				CLANG_WARN_QUOTED_INCLUDE_IN_FRAMEWORK_HEADER = YES;
				CLANG_WARN_RANGE_LOOP_ANALYSIS = YES;
				CLANG_WARN_STRICT_PROTOTYPES = YES;
				CLANG_WARN_SUSPICIOUS_MOVE = YES;
				CLANG_WARN_UNGUARDED_AVAILABILITY = YES_AGGRESSIVE;
				CLANG_WARN_UNREACHABLE_CODE = YES;
				CLANG_WARN__DUPLICATE_METHOD_MATCH = YES;
				COPY_PHASE_STRIP = NO;
				DEBUG_INFORMATION_FORMAT = "dwarf-with-dsym";
				ENABLE_NS_ASSERTIONS = NO;
				ENABLE_STRICT_OBJC_MSGSEND = YES;
				ENABLE_USER_SCRIPT_SANDBOXING = YES;
				GCC_C_LANGUAGE_STANDARD = gnu17;
				GCC_NO_COMMON_BLOCKS = YES;
				GCC_WARN_64_TO_32_BIT_CONVERSION = YES;
				GCC_WARN_ABOUT_RETURN_TYPE = YES_ERROR;
				GCC_WARN_UNDECLARED_SELECTOR = YES;
				GCC_WARN_UNINITIALIZED_AUTOS = YES_AGGRESSIVE;
				GCC_WARN_UNUSED_FUNCTION = YES;
				GCC_WARN_UNUSED_VARIABLE = YES;
				IPHONEOS_DEPLOYMENT_TARGET = 17.4;
				LOCALIZATION_PREFERS_STRING_CATALOGS = YES;
				MTL_ENABLE_DEBUG_INFO = NO;
				MTL_FAST_MATH = YES;
				SDKROOT = iphoneos;
				SWIFT_COMPILATION_MODE = wholemodule;
				VALIDATE_PRODUCT = YES;
			};
			name = Release;
		};
		AAF369A72C513C240038FB06 /* Debug */ = {
			isa = XCBuildConfiguration;
			buildSettings = {
				ASSETCATALOG_COMPILER_APPICON_NAME = AppIcon;
				ASSETCATALOG_COMPILER_GLOBAL_ACCENT_COLOR_NAME = AccentColor;
				CODE_SIGN_STYLE = Automatic;
				CURRENT_PROJECT_VERSION = 1;
				DEVELOPMENT_TEAM = 77KKK88QP8;
				GENERATE_INFOPLIST_FILE = YES;
				INFOPLIST_FILE = ItunseCoreData/Info.plist;
				INFOPLIST_KEY_UIApplicationSupportsIndirectInputEvents = YES;
				INFOPLIST_KEY_UILaunchStoryboardName = LaunchScreen;
				INFOPLIST_KEY_UIMainStoryboardFile = Main;
				INFOPLIST_KEY_UISupportedInterfaceOrientations_iPad = "UIInterfaceOrientationPortrait UIInterfaceOrientationPortraitUpsideDown UIInterfaceOrientationLandscapeLeft UIInterfaceOrientationLandscapeRight";
				INFOPLIST_KEY_UISupportedInterfaceOrientations_iPhone = "UIInterfaceOrientationPortrait UIInterfaceOrientationLandscapeLeft UIInterfaceOrientationLandscapeRight";
				LD_RUNPATH_SEARCH_PATHS = (
					"$(inherited)",
					"@executable_path/Frameworks",
				);
				MARKETING_VERSION = 1.0;
				PRODUCT_BUNDLE_IDENTIFIER = Raheemspb.ItunseCoreData;
				PRODUCT_NAME = "$(TARGET_NAME)";
				SWIFT_EMIT_LOC_STRINGS = YES;
				SWIFT_VERSION = 5.0;
				TARGETED_DEVICE_FAMILY = "1,2";
			};
			name = Debug;
		};
		AAF369A82C513C240038FB06 /* Release */ = {
			isa = XCBuildConfiguration;
			buildSettings = {
				ASSETCATALOG_COMPILER_APPICON_NAME = AppIcon;
				ASSETCATALOG_COMPILER_GLOBAL_ACCENT_COLOR_NAME = AccentColor;
				CODE_SIGN_STYLE = Automatic;
				CURRENT_PROJECT_VERSION = 1;
				DEVELOPMENT_TEAM = 77KKK88QP8;
				GENERATE_INFOPLIST_FILE = YES;
				INFOPLIST_FILE = ItunseCoreData/Info.plist;
				INFOPLIST_KEY_UIApplicationSupportsIndirectInputEvents = YES;
				INFOPLIST_KEY_UILaunchStoryboardName = LaunchScreen;
				INFOPLIST_KEY_UIMainStoryboardFile = Main;
				INFOPLIST_KEY_UISupportedInterfaceOrientations_iPad = "UIInterfaceOrientationPortrait UIInterfaceOrientationPortraitUpsideDown UIInterfaceOrientationLandscapeLeft UIInterfaceOrientationLandscapeRight";
				INFOPLIST_KEY_UISupportedInterfaceOrientations_iPhone = "UIInterfaceOrientationPortrait UIInterfaceOrientationLandscapeLeft UIInterfaceOrientationLandscapeRight";
				LD_RUNPATH_SEARCH_PATHS = (
					"$(inherited)",
					"@executable_path/Frameworks",
				);
				MARKETING_VERSION = 1.0;
				PRODUCT_BUNDLE_IDENTIFIER = Raheemspb.ItunseCoreData;
				PRODUCT_NAME = "$(TARGET_NAME)";
				SWIFT_EMIT_LOC_STRINGS = YES;
				SWIFT_VERSION = 5.0;
				TARGETED_DEVICE_FAMILY = "1,2";
			};
			name = Release;
		};
/* End XCBuildConfiguration section */

/* Begin XCConfigurationList section */
		AAF3698A2C513C220038FB06 /* Build configuration list for PBXProject "ItunseCoreData" */ = {
			isa = XCConfigurationList;
			buildConfigurations = (
				AAF369A42C513C240038FB06 /* Debug */,
				AAF369A52C513C240038FB06 /* Release */,
			);
			defaultConfigurationIsVisible = 0;
			defaultConfigurationName = Release;
		};
		AAF369A62C513C240038FB06 /* Build configuration list for PBXNativeTarget "ItunseCoreData" */ = {
			isa = XCConfigurationList;
			buildConfigurations = (
				AAF369A72C513C240038FB06 /* Debug */,
				AAF369A82C513C240038FB06 /* Release */,
			);
			defaultConfigurationIsVisible = 0;
			defaultConfigurationName = Release;
		};
/* End XCConfigurationList section */

/* Begin XCRemoteSwiftPackageReference section */
		AAF369A92C5170110038FB06 /* XCRemoteSwiftPackageReference "SnapKit" */ = {
			isa = XCRemoteSwiftPackageReference;
			repositoryURL = "https://github.com/SnapKit/SnapKit";
			requirement = {
				kind = upToNextMajorVersion;
				minimumVersion = 5.7.1;
			};
		};
/* End XCRemoteSwiftPackageReference section */

/* Begin XCSwiftPackageProductDependency section */
		AAF369AA2C5170110038FB06 /* SnapKit */ = {
			isa = XCSwiftPackageProductDependency;
			package = AAF369A92C5170110038FB06 /* XCRemoteSwiftPackageReference "SnapKit" */;
			productName = SnapKit;
		};
		AAF369AC2C5170110038FB06 /* SnapKit-Dynamic */ = {
			isa = XCSwiftPackageProductDependency;
			package = AAF369A92C5170110038FB06 /* XCRemoteSwiftPackageReference "SnapKit" */;
			productName = "SnapKit-Dynamic";
		};
/* End XCSwiftPackageProductDependency section */

/* Begin XCVersionGroup section */
		AAF3699B2C513C220038FB06 /* ItunseCoreData.xcdatamodeld */ = {
			isa = XCVersionGroup;
			children = (
				AAF3699C2C513C220038FB06 /* ItunseCoreData.xcdatamodel */,
			);
			currentVersion = AAF3699C2C513C220038FB06 /* ItunseCoreData.xcdatamodel */;
			path = ItunseCoreData.xcdatamodeld;
			sourceTree = "<group>";
			versionGroupType = wrapper.xcdatamodel;
		};
/* End XCVersionGroup section */
	};
	rootObject = AAF369872C513C220038FB06 /* Project object */;
}
